
Microsoft Visual Studio Solution File, Format Version 12.00
# Visual Studio Version 17
VisualStudioVersion = 17.14.36221.1 d17.14
MinimumVisualStudioVersion = 10.0.40219.1
Project("{FAE04EC0-301F-11D3-BF4B-00C04F79EFBC}") = "BlazorTest", "BlazorTest\BlazorTest.csproj", "{0A6F202D-396D-48EE-97D8-D46DC4195759}"
EndProject
Global
	GlobalSection(SolutionConfigurationPlatforms) = preSolution
		Debug|Any CPU = Debug|Any CPU
		Release|Any CPU = Release|Any CPU
	EndGlobalSection
	GlobalSection(ProjectConfigurationPlatforms) = postSolution
		{0A6F202D-396D-48EE-97D8-D46DC4195759}.Debug|Any CPU.ActiveCfg = Debug|Any CPU
		{0A6F202D-396D-48EE-97D8-D46DC4195759}.Debug|Any CPU.Build.0 = Debug|Any CPU
		{0A6F202D-396D-48EE-97D8-D46DC4195759}.Release|Any CPU.ActiveCfg = Release|Any CPU
		{0A6F202D-396D-48EE-97D8-D46DC4195759}.Release|Any CPU.Build.0 = Release|Any CPU
	EndGlobalSection
	GlobalSection(SolutionProperties) = preSolution
		HideSolutionNode = FALSE
	EndGlobalSection
	GlobalSection(ExtensibilityGlobals) = postSolution
		SolutionGuid = {AC1E6924-5CD7-4B74-8E3A-68C5E43ACC7E}
	EndGlobalSection
EndGlobal
